
Microsoft Visual Studio Solution File, Format Version 12.00
# Visual Studio 15
VisualStudioVersion = 15.0.28307.902
MinimumVisualStudioVersion = 10.0.40219.1
Project("{FAE04EC0-301F-11D3-BF4B-00C04F79EFBC}") = "SPLab", "SPLab\SPLab.csproj", "{B247DFC7-94E3-4B92-AA24-9D255608001B}"
EndProject
Global
	GlobalSection(SolutionConfigurationPlatforms) = preSolution
		Debug|Any CPU = Debug|Any CPU
		Release|Any CPU = Release|Any CPU
	EndGlobalSection
	GlobalSection(ProjectConfigurationPlatforms) = postSolution
		{B247DFC7-94E3-4B92-AA24-9D255608001B}.Debug|Any CPU.ActiveCfg = Debug|Any CPU
		{B247DFC7-94E3-4B92-AA24-9D255608001B}.Debug|Any CPU.Build.0 = Debug|Any CPU
		{B247DFC7-94E3-4B92-AA24-9D255608001B}.Release|Any CPU.ActiveCfg = Release|Any CPU
		{B247DFC7-94E3-4B92-AA24-9D255608001B}.Release|Any CPU.Build.0 = Release|Any CPU
	EndGlobalSection
	GlobalSection(SolutionProperties) = preSolution
		HideSolutionNode = FALSE
	EndGlobalSection
	GlobalSection(ExtensibilityGlobals) = postSolution
		SolutionGuid = {6B87B43C-5CA4-40BF-ACB3-4F55460EB48C}
	EndGlobalSection
EndGlobal
